
Microsoft Visual Studio Solution File, Format Version 12.00
# Visual Studio 15
VisualStudioVersion = 15.0.28307.1321
MinimumVisualStudioVersion = 10.0.40219.1
Project("{FAE04EC0-301F-11D3-BF4B-00C04F79EFBC}") = "Project", "Project\Project.csproj", "{DD2BD79E-027D-4F72-8575-1C381A3C6FCE}"
EndProject
Global
	GlobalSection(SolutionConfigurationPlatforms) = preSolution
		Debug|Any CPU = Debug|Any CPU
		Release|Any CPU = Release|Any CPU
	EndGlobalSection
	GlobalSection(ProjectConfigurationPlatforms) = postSolution
		{DD2BD79E-027D-4F72-8575-1C381A3C6FCE}.Debug|Any CPU.ActiveCfg = Debug|Any CPU
		{DD2BD79E-027D-4F72-8575-1C381A3C6FCE}.Debug|Any CPU.Build.0 = Debug|Any CPU
		{DD2BD79E-027D-4F72-8575-1C381A3C6FCE}.Release|Any CPU.ActiveCfg = Release|Any CPU
		{DD2BD79E-027D-4F72-8575-1C381A3C6FCE}.Release|Any CPU.Build.0 = Release|Any CPU
	EndGlobalSection
	GlobalSection(SolutionProperties) = preSolution
		HideSolutionNode = FALSE
	EndGlobalSection
	GlobalSection(ExtensibilityGlobals) = postSolution
		SolutionGuid = {AE65EF35-76D2-49A8-B136-6D586C4BE1B1}
	EndGlobalSection
EndGlobal
